
Microsoft Visual Studio Solution File, Format Version 12.00
# Visual Studio Version 16
VisualStudioVersion = 16.0.29613.14
MinimumVisualStudioVersion = 10.0.40219.1
Project("{FAE04EC0-301F-11D3-BF4B-00C04F79EFBC}") = "ContestAppC", "ContestAppC.csproj", "{EFCBA46D-7C70-47C2-960E-CB21689E6CFF}"
EndProject
Global
	GlobalSection(SolutionConfigurationPlatforms) = preSolution
		Debug|Any CPU = Debug|Any CPU
		Release|Any CPU = Release|Any CPU
	EndGlobalSection
	GlobalSection(ProjectConfigurationPlatforms) = postSolution
		{EFCBA46D-7C70-47C2-960E-CB21689E6CFF}.Debug|Any CPU.ActiveCfg = Debug|Any CPU
		{EFCBA46D-7C70-47C2-960E-CB21689E6CFF}.Debug|Any CPU.Build.0 = Debug|Any CPU
		{EFCBA46D-7C70-47C2-960E-CB21689E6CFF}.Release|Any CPU.ActiveCfg = Release|Any CPU
		{EFCBA46D-7C70-47C2-960E-CB21689E6CFF}.Release|Any CPU.Build.0 = Release|Any CPU
	EndGlobalSection
	GlobalSection(SolutionProperties) = preSolution
		HideSolutionNode = FALSE
	EndGlobalSection
	GlobalSection(ExtensibilityGlobals) = postSolution
		SolutionGuid = {E1877AE8-B304-431E-8BBC-272529535979}
	EndGlobalSection
EndGlobal
